// !$*UTF8*$!
{
	archiveVersion = 1;
	classes = {
	};
	objectVersion = 56;
	objects = {

/* Begin PBXBuildFile section */
		BED0A7AD2A93D34C00016BE6 /* Character.swift in Sources */ = {isa = PBXBuildFile; fileRef = BED0A7AC2A93D34C00016BE6 /* Character.swift */; };
		BED0A7BB2A951C8A00016BE6 /* HomeDetailScenePresenter.swift in Sources */ = {isa = PBXBuildFile; fileRef = BED0A7B52A951C8A00016BE6 /* HomeDetailScenePresenter.swift */; };
		BED0A7BC2A951C8A00016BE6 /* HomeDetailSceneRouter.swift in Sources */ = {isa = PBXBuildFile; fileRef = BED0A7B62A951C8A00016BE6 /* HomeDetailSceneRouter.swift */; };
		BED0A7BD2A951C8A00016BE6 /* HomeDetailSceneModels.swift in Sources */ = {isa = PBXBuildFile; fileRef = BED0A7B72A951C8A00016BE6 /* HomeDetailSceneModels.swift */; };
		BED0A7BE2A951C8A00016BE6 /* HomeDetailSceneViewController.swift in Sources */ = {isa = PBXBuildFile; fileRef = BED0A7B82A951C8A00016BE6 /* HomeDetailSceneViewController.swift */; };
		BED0A7BF2A951C8A00016BE6 /* HomeDetailSceneInteractor.swift in Sources */ = {isa = PBXBuildFile; fileRef = BED0A7B92A951C8A00016BE6 /* HomeDetailSceneInteractor.swift */; };
		BED0A7C02A951C8A00016BE6 /* HomeDetailSceneConfigurator.swift in Sources */ = {isa = PBXBuildFile; fileRef = BED0A7BA2A951C8A00016BE6 /* HomeDetailSceneConfigurator.swift */; };
		BED0A7C42A9521F600016BE6 /* Comic.swift in Sources */ = {isa = PBXBuildFile; fileRef = BED0A7C32A9521F600016BE6 /* Comic.swift */; };
		BED0A7CD2A95710000016BE6 /* ComicListPresenter.swift in Sources */ = {isa = PBXBuildFile; fileRef = BED0A7C62A95710000016BE6 /* ComicListPresenter.swift */; };
		BED0A7CE2A95710000016BE6 /* ComicListRouter.swift in Sources */ = {isa = PBXBuildFile; fileRef = BED0A7C72A95710000016BE6 /* ComicListRouter.swift */; };
		BED0A7CF2A95710000016BE6 /* ComicListModels.swift in Sources */ = {isa = PBXBuildFile; fileRef = BED0A7C82A95710000016BE6 /* ComicListModels.swift */; };
		BED0A7D02A95710000016BE6 /* ComicListViewController.swift in Sources */ = {isa = PBXBuildFile; fileRef = BED0A7C92A95710000016BE6 /* ComicListViewController.swift */; };
		BED0A7D12A95710000016BE6 /* ComicListInteractor.swift in Sources */ = {isa = PBXBuildFile; fileRef = BED0A7CA2A95710000016BE6 /* ComicListInteractor.swift */; };
		BED0A7D22A95710000016BE6 /* ComicListCells.swift in Sources */ = {isa = PBXBuildFile; fileRef = BED0A7CB2A95710000016BE6 /* ComicListCells.swift */; };
		BED0A7D32A95710000016BE6 /* ComicListConfigurator.swift in Sources */ = {isa = PBXBuildFile; fileRef = BED0A7CC2A95710000016BE6 /* ComicListConfigurator.swift */; };
		F607247E2A92EE7C002A5FD9 /* Alamofire in Frameworks */ = {isa = PBXBuildFile; productRef = F607247D2A92EE7C002A5FD9 /* Alamofire */; };
		F60724812A92F16C002A5FD9 /* SDWebImage in Frameworks */ = {isa = PBXBuildFile; productRef = F60724802A92F16C002A5FD9 /* SDWebImage */; };
		F60724832A9311BC002A5FD9 /* Service.swift in Sources */ = {isa = PBXBuildFile; fileRef = F60724822A9311BC002A5FD9 /* Service.swift */; };
		F6547F832A95BF2C006DA7B4 /* ComicPresenter.swift in Sources */ = {isa = PBXBuildFile; fileRef = F6547F7D2A95BF2C006DA7B4 /* ComicPresenter.swift */; };
		F6547F842A95BF2C006DA7B4 /* ComicRouter.swift in Sources */ = {isa = PBXBuildFile; fileRef = F6547F7E2A95BF2C006DA7B4 /* ComicRouter.swift */; };
		F6547F852A95BF2C006DA7B4 /* ComicModels.swift in Sources */ = {isa = PBXBuildFile; fileRef = F6547F7F2A95BF2C006DA7B4 /* ComicModels.swift */; };
		F6547F862A95BF2C006DA7B4 /* ComicViewController.swift in Sources */ = {isa = PBXBuildFile; fileRef = F6547F802A95BF2C006DA7B4 /* ComicViewController.swift */; };
		F6547F872A95BF2C006DA7B4 /* ComicInteractor.swift in Sources */ = {isa = PBXBuildFile; fileRef = F6547F812A95BF2C006DA7B4 /* ComicInteractor.swift */; };
		F6547F882A95BF2C006DA7B4 /* ComicConfigurator.swift in Sources */ = {isa = PBXBuildFile; fileRef = F6547F822A95BF2C006DA7B4 /* ComicConfigurator.swift */; };
		F671625A2A94614B008C26F9 /* HomeCollectionCells.swift in Sources */ = {isa = PBXBuildFile; fileRef = F67162592A94614B008C26F9 /* HomeCollectionCells.swift */; };
		F68C63032A913E3A00F584E6 /* HomePresenter.swift in Sources */ = {isa = PBXBuildFile; fileRef = F68C62FC2A913E3A00F584E6 /* HomePresenter.swift */; };
		F68C63042A913E3A00F584E6 /* HomeRouter.swift in Sources */ = {isa = PBXBuildFile; fileRef = F68C62FD2A913E3A00F584E6 /* HomeRouter.swift */; };
		F68C63052A913E3A00F584E6 /* HomeModels.swift in Sources */ = {isa = PBXBuildFile; fileRef = F68C62FE2A913E3A00F584E6 /* HomeModels.swift */; };
		F68C63062A913E3A00F584E6 /* HomeViewController.swift in Sources */ = {isa = PBXBuildFile; fileRef = F68C62FF2A913E3A00F584E6 /* HomeViewController.swift */; };
		F68C63072A913E3A00F584E6 /* HomeInteractor.swift in Sources */ = {isa = PBXBuildFile; fileRef = F68C63002A913E3A00F584E6 /* HomeInteractor.swift */; };
		F68C63082A913E3A00F584E6 /* HomeCells.swift in Sources */ = {isa = PBXBuildFile; fileRef = F68C63012A913E3A00F584E6 /* HomeCells.swift */; };
		F68C63092A913E3A00F584E6 /* HomeConfigurator.swift in Sources */ = {isa = PBXBuildFile; fileRef = F68C63022A913E3A00F584E6 /* HomeConfigurator.swift */; };
		F6A596062A91278500D2972A /* AppDelegate.swift in Sources */ = {isa = PBXBuildFile; fileRef = F6A596052A91278500D2972A /* AppDelegate.swift */; };
		F6A596082A91278500D2972A /* SceneDelegate.swift in Sources */ = {isa = PBXBuildFile; fileRef = F6A596072A91278500D2972A /* SceneDelegate.swift */; };
		F6A5960A2A91278500D2972A /* ViewController.swift in Sources */ = {isa = PBXBuildFile; fileRef = F6A596092A91278500D2972A /* ViewController.swift */; };
		F6A5960F2A91278800D2972A /* Assets.xcassets in Resources */ = {isa = PBXBuildFile; fileRef = F6A5960E2A91278800D2972A /* Assets.xcassets */; };
		F6A596122A91278800D2972A /* LaunchScreen.storyboard in Resources */ = {isa = PBXBuildFile; fileRef = F6A596102A91278800D2972A /* LaunchScreen.storyboard */; };
/* End PBXBuildFile section */

/* Begin PBXFileReference section */
		BED0A7AC2A93D34C00016BE6 /* Character.swift */ = {isa = PBXFileReference; lastKnownFileType = sourcecode.swift; path = Character.swift; sourceTree = "<group>"; };
		BED0A7B52A951C8A00016BE6 /* HomeDetailScenePresenter.swift */ = {isa = PBXFileReference; lastKnownFileType = sourcecode.swift; path = HomeDetailScenePresenter.swift; sourceTree = "<group>"; };
		BED0A7B62A951C8A00016BE6 /* HomeDetailSceneRouter.swift */ = {isa = PBXFileReference; lastKnownFileType = sourcecode.swift; path = HomeDetailSceneRouter.swift; sourceTree = "<group>"; };
		BED0A7B72A951C8A00016BE6 /* HomeDetailSceneModels.swift */ = {isa = PBXFileReference; lastKnownFileType = sourcecode.swift; path = HomeDetailSceneModels.swift; sourceTree = "<group>"; };
		BED0A7B82A951C8A00016BE6 /* HomeDetailSceneViewController.swift */ = {isa = PBXFileReference; lastKnownFileType = sourcecode.swift; path = HomeDetailSceneViewController.swift; sourceTree = "<group>"; };
		BED0A7B92A951C8A00016BE6 /* HomeDetailSceneInteractor.swift */ = {isa = PBXFileReference; lastKnownFileType = sourcecode.swift; path = HomeDetailSceneInteractor.swift; sourceTree = "<group>"; };
		BED0A7BA2A951C8A00016BE6 /* HomeDetailSceneConfigurator.swift */ = {isa = PBXFileReference; lastKnownFileType = sourcecode.swift; path = HomeDetailSceneConfigurator.swift; sourceTree = "<group>"; };
		BED0A7C32A9521F600016BE6 /* Comic.swift */ = {isa = PBXFileReference; lastKnownFileType = sourcecode.swift; path = Comic.swift; sourceTree = "<group>"; };
		BED0A7C62A95710000016BE6 /* ComicListPresenter.swift */ = {isa = PBXFileReference; lastKnownFileType = sourcecode.swift; path = ComicListPresenter.swift; sourceTree = "<group>"; };
		BED0A7C72A95710000016BE6 /* ComicListRouter.swift */ = {isa = PBXFileReference; lastKnownFileType = sourcecode.swift; path = ComicListRouter.swift; sourceTree = "<group>"; };
		BED0A7C82A95710000016BE6 /* ComicListModels.swift */ = {isa = PBXFileReference; lastKnownFileType = sourcecode.swift; path = ComicListModels.swift; sourceTree = "<group>"; };
		BED0A7C92A95710000016BE6 /* ComicListViewController.swift */ = {isa = PBXFileReference; lastKnownFileType = sourcecode.swift; path = ComicListViewController.swift; sourceTree = "<group>"; };
		BED0A7CA2A95710000016BE6 /* ComicListInteractor.swift */ = {isa = PBXFileReference; lastKnownFileType = sourcecode.swift; path = ComicListInteractor.swift; sourceTree = "<group>"; };
		BED0A7CB2A95710000016BE6 /* ComicListCells.swift */ = {isa = PBXFileReference; lastKnownFileType = sourcecode.swift; path = ComicListCells.swift; sourceTree = "<group>"; };
		BED0A7CC2A95710000016BE6 /* ComicListConfigurator.swift */ = {isa = PBXFileReference; lastKnownFileType = sourcecode.swift; path = ComicListConfigurator.swift; sourceTree = "<group>"; };
		F60724822A9311BC002A5FD9 /* Service.swift */ = {isa = PBXFileReference; lastKnownFileType = sourcecode.swift; path = Service.swift; sourceTree = "<group>"; };
		F6547F7D2A95BF2C006DA7B4 /* ComicPresenter.swift */ = {isa = PBXFileReference; lastKnownFileType = sourcecode.swift; path = ComicPresenter.swift; sourceTree = "<group>"; };
		F6547F7E2A95BF2C006DA7B4 /* ComicRouter.swift */ = {isa = PBXFileReference; lastKnownFileType = sourcecode.swift; path = ComicRouter.swift; sourceTree = "<group>"; };
		F6547F7F2A95BF2C006DA7B4 /* ComicModels.swift */ = {isa = PBXFileReference; lastKnownFileType = sourcecode.swift; path = ComicModels.swift; sourceTree = "<group>"; };
		F6547F802A95BF2C006DA7B4 /* ComicViewController.swift */ = {isa = PBXFileReference; lastKnownFileType = sourcecode.swift; path = ComicViewController.swift; sourceTree = "<group>"; };
		F6547F812A95BF2C006DA7B4 /* ComicInteractor.swift */ = {isa = PBXFileReference; lastKnownFileType = sourcecode.swift; path = ComicInteractor.swift; sourceTree = "<group>"; };
		F6547F822A95BF2C006DA7B4 /* ComicConfigurator.swift */ = {isa = PBXFileReference; lastKnownFileType = sourcecode.swift; path = ComicConfigurator.swift; sourceTree = "<group>"; };
		F67162592A94614B008C26F9 /* HomeCollectionCells.swift */ = {isa = PBXFileReference; lastKnownFileType = sourcecode.swift; path = HomeCollectionCells.swift; sourceTree = "<group>"; };
		F68C62FC2A913E3A00F584E6 /* HomePresenter.swift */ = {isa = PBXFileReference; lastKnownFileType = sourcecode.swift; path = HomePresenter.swift; sourceTree = "<group>"; };
		F68C62FD2A913E3A00F584E6 /* HomeRouter.swift */ = {isa = PBXFileReference; lastKnownFileType = sourcecode.swift; path = HomeRouter.swift; sourceTree = "<group>"; };
		F68C62FE2A913E3A00F584E6 /* HomeModels.swift */ = {isa = PBXFileReference; lastKnownFileType = sourcecode.swift; path = HomeModels.swift; sourceTree = "<group>"; };
		F68C62FF2A913E3A00F584E6 /* HomeViewController.swift */ = {isa = PBXFileReference; lastKnownFileType = sourcecode.swift; path = HomeViewController.swift; sourceTree = "<group>"; };
		F68C63002A913E3A00F584E6 /* HomeInteractor.swift */ = {isa = PBXFileReference; lastKnownFileType = sourcecode.swift; path = HomeInteractor.swift; sourceTree = "<group>"; };
		F68C63012A913E3A00F584E6 /* HomeCells.swift */ = {isa = PBXFileReference; lastKnownFileType = sourcecode.swift; path = HomeCells.swift; sourceTree = "<group>"; };
		F68C63022A913E3A00F584E6 /* HomeConfigurator.swift */ = {isa = PBXFileReference; lastKnownFileType = sourcecode.swift; path = HomeConfigurator.swift; sourceTree = "<group>"; };
		F6A596022A91278500D2972A /* MarvelViper.app */ = {isa = PBXFileReference; explicitFileType = wrapper.application; includeInIndex = 0; path = MarvelViper.app; sourceTree = BUILT_PRODUCTS_DIR; };
		F6A596052A91278500D2972A /* AppDelegate.swift */ = {isa = PBXFileReference; lastKnownFileType = sourcecode.swift; path = AppDelegate.swift; sourceTree = "<group>"; };
		F6A596072A91278500D2972A /* SceneDelegate.swift */ = {isa = PBXFileReference; lastKnownFileType = sourcecode.swift; path = SceneDelegate.swift; sourceTree = "<group>"; };
		F6A596092A91278500D2972A /* ViewController.swift */ = {isa = PBXFileReference; lastKnownFileType = sourcecode.swift; path = ViewController.swift; sourceTree = "<group>"; };
		F6A5960E2A91278800D2972A /* Assets.xcassets */ = {isa = PBXFileReference; lastKnownFileType = folder.assetcatalog; path = Assets.xcassets; sourceTree = "<group>"; };
		F6A596112A91278800D2972A /* Base */ = {isa = PBXFileReference; lastKnownFileType = file.storyboard; name = Base; path = Base.lproj/LaunchScreen.storyboard; sourceTree = "<group>"; };
		F6A596132A91278800D2972A /* Info.plist */ = {isa = PBXFileReference; lastKnownFileType = text.plist.xml; path = Info.plist; sourceTree = "<group>"; };
/* End PBXFileReference section */

/* Begin PBXFrameworksBuildPhase section */
		F6A595FF2A91278500D2972A /* Frameworks */ = {
			isa = PBXFrameworksBuildPhase;
			buildActionMask = 2147483647;
			files = (
				F60724812A92F16C002A5FD9 /* SDWebImage in Frameworks */,
				F607247E2A92EE7C002A5FD9 /* Alamofire in Frameworks */,
			);
			runOnlyForDeploymentPostprocessing = 0;
		};
/* End PBXFrameworksBuildPhase section */

/* Begin PBXGroup section */
		BED0A7AB2A93D27A00016BE6 /* Models */ = {
			isa = PBXGroup;
			children = (
				BED0A7AC2A93D34C00016BE6 /* Character.swift */,
				BED0A7C32A9521F600016BE6 /* Comic.swift */,
			);
			path = Models;
			sourceTree = "<group>";
		};
		BED0A7B42A951C0A00016BE6 /* HomeDetailScene */ = {
			isa = PBXGroup;
			children = (
				BED0A7B52A951C8A00016BE6 /* HomeDetailScenePresenter.swift */,
				BED0A7B62A951C8A00016BE6 /* HomeDetailSceneRouter.swift */,
				BED0A7B72A951C8A00016BE6 /* HomeDetailSceneModels.swift */,
				BED0A7B82A951C8A00016BE6 /* HomeDetailSceneViewController.swift */,
				BED0A7B92A951C8A00016BE6 /* HomeDetailSceneInteractor.swift */,
				BED0A7BA2A951C8A00016BE6 /* HomeDetailSceneConfigurator.swift */,
			);
			path = HomeDetailScene;
			sourceTree = "<group>";
		};
		BED0A7C52A9570CE00016BE6 /* ComicListScene */ = {
			isa = PBXGroup;
			children = (
				BED0A7C62A95710000016BE6 /* ComicListPresenter.swift */,
				BED0A7C72A95710000016BE6 /* ComicListRouter.swift */,
				BED0A7C82A95710000016BE6 /* ComicListModels.swift */,
				BED0A7C92A95710000016BE6 /* ComicListViewController.swift */,
				BED0A7CA2A95710000016BE6 /* ComicListInteractor.swift */,
				BED0A7CB2A95710000016BE6 /* ComicListCells.swift */,
				BED0A7CC2A95710000016BE6 /* ComicListConfigurator.swift */,
			);
			path = ComicListScene;
			sourceTree = "<group>";
		};
		F607247B2A92EDF7002A5FD9 /* WebServices */ = {
			isa = PBXGroup;
			children = (
				BED0A7AB2A93D27A00016BE6 /* Models */,
				F60724822A9311BC002A5FD9 /* Service.swift */,
			);
			path = WebServices;
			sourceTree = "<group>";
		};
		F6547F7C2A95BE11006DA7B4 /* ComicScene */ = {
			isa = PBXGroup;
			children = (
				F6547F7D2A95BF2C006DA7B4 /* ComicPresenter.swift */,
				F6547F7E2A95BF2C006DA7B4 /* ComicRouter.swift */,
				F6547F7F2A95BF2C006DA7B4 /* ComicModels.swift */,
				F6547F802A95BF2C006DA7B4 /* ComicViewController.swift */,
				F6547F812A95BF2C006DA7B4 /* ComicInteractor.swift */,
				F6547F822A95BF2C006DA7B4 /* ComicConfigurator.swift */,
			);
			path = ComicScene;
			sourceTree = "<group>";
		};
		F6A595F92A91278500D2972A = {
			isa = PBXGroup;
			children = (
				F6A596042A91278500D2972A /* MarvelViper */,
				F6A596032A91278500D2972A /* Products */,
			);
			sourceTree = "<group>";
		};
		F6A596032A91278500D2972A /* Products */ = {
			isa = PBXGroup;
			children = (
				F6A596022A91278500D2972A /* MarvelViper.app */,
			);
			name = Products;
			sourceTree = "<group>";
		};
		F6A596042A91278500D2972A /* MarvelViper */ = {
			isa = PBXGroup;
			children = (
				F607247B2A92EDF7002A5FD9 /* WebServices */,
				F6A5961A2A91294B00D2972A /* Scenes */,
				F6A596052A91278500D2972A /* AppDelegate.swift */,
				F6A596072A91278500D2972A /* SceneDelegate.swift */,
				F6A5960E2A91278800D2972A /* Assets.xcassets */,
				F6A596102A91278800D2972A /* LaunchScreen.storyboard */,
				F6A596132A91278800D2972A /* Info.plist */,
			);
			path = MarvelViper;
			sourceTree = "<group>";
		};
		F6A596192A91293E00D2972A /* MainScene */ = {
			isa = PBXGroup;
			children = (
				F6A596092A91278500D2972A /* ViewController.swift */,
			);
			path = MainScene;
			sourceTree = "<group>";
		};
		F6A5961A2A91294B00D2972A /* Scenes */ = {
			isa = PBXGroup;
			children = (
				F6547F7C2A95BE11006DA7B4 /* ComicScene */,
				BED0A7C52A9570CE00016BE6 /* ComicListScene */,
				BED0A7B42A951C0A00016BE6 /* HomeDetailScene */,
				F6A5961B2A91296600D2972A /* HomeScene */,
				F6A596192A91293E00D2972A /* MainScene */,
			);
			path = Scenes;
			sourceTree = "<group>";
		};
		F6A5961B2A91296600D2972A /* HomeScene */ = {
			isa = PBXGroup;
			children = (
				F68C62FC2A913E3A00F584E6 /* HomePresenter.swift */,
				F68C62FD2A913E3A00F584E6 /* HomeRouter.swift */,
				F68C62FE2A913E3A00F584E6 /* HomeModels.swift */,
				F68C62FF2A913E3A00F584E6 /* HomeViewController.swift */,
				F68C63002A913E3A00F584E6 /* HomeInteractor.swift */,
				F68C63012A913E3A00F584E6 /* HomeCells.swift */,
				F67162592A94614B008C26F9 /* HomeCollectionCells.swift */,
				F68C63022A913E3A00F584E6 /* HomeConfigurator.swift */,
			);
			path = HomeScene;
			sourceTree = "<group>";
		};
/* End PBXGroup section */

/* Begin PBXNativeTarget section */
		F6A596012A91278500D2972A /* MarvelViper */ = {
			isa = PBXNativeTarget;
			buildConfigurationList = F6A596162A91278800D2972A /* Build configuration list for PBXNativeTarget "MarvelViper" */;
			buildPhases = (
				F6A595FE2A91278500D2972A /* Sources */,
				F6A595FF2A91278500D2972A /* Frameworks */,
				F6A596002A91278500D2972A /* Resources */,
			);
			buildRules = (
			);
			dependencies = (
			);
			name = MarvelViper;
			packageProductDependencies = (
				F607247D2A92EE7C002A5FD9 /* Alamofire */,
				F60724802A92F16C002A5FD9 /* SDWebImage */,
			);
			productName = MarvelViper;
			productReference = F6A596022A91278500D2972A /* MarvelViper.app */;
			productType = "com.apple.product-type.application";
		};
/* End PBXNativeTarget section */

/* Begin PBXProject section */
		F6A595FA2A91278500D2972A /* Project object */ = {
			isa = PBXProject;
			attributes = {
				BuildIndependentTargetsInParallel = 1;
				LastSwiftUpdateCheck = 1420;
				LastUpgradeCheck = 1420;
				TargetAttributes = {
					F6A596012A91278500D2972A = {
						CreatedOnToolsVersion = 14.2;
					};
				};
			};
			buildConfigurationList = F6A595FD2A91278500D2972A /* Build configuration list for PBXProject "MarvelViper" */;
			compatibilityVersion = "Xcode 14.0";
			developmentRegion = en;
			hasScannedForEncodings = 0;
			knownRegions = (
				en,
				Base,
			);
			mainGroup = F6A595F92A91278500D2972A;
			packageReferences = (
				F607247C2A92EE7C002A5FD9 /* XCRemoteSwiftPackageReference "Alamofire" */,
				F607247F2A92F16C002A5FD9 /* XCRemoteSwiftPackageReference "SDWebImage" */,
			);
			productRefGroup = F6A596032A91278500D2972A /* Products */;
			projectDirPath = "";
			projectRoot = "";
			targets = (
				F6A596012A91278500D2972A /* MarvelViper */,
			);
		};
/* End PBXProject section */

/* Begin PBXResourcesBuildPhase section */
		F6A596002A91278500D2972A /* Resources */ = {
			isa = PBXResourcesBuildPhase;
			buildActionMask = 2147483647;
			files = (
				F6A596122A91278800D2972A /* LaunchScreen.storyboard in Resources */,
				F6A5960F2A91278800D2972A /* Assets.xcassets in Resources */,
			);
			runOnlyForDeploymentPostprocessing = 0;
		};
/* End PBXResourcesBuildPhase section */

/* Begin PBXSourcesBuildPhase section */
		F6A595FE2A91278500D2972A /* Sources */ = {
			isa = PBXSourcesBuildPhase;
			buildActionMask = 2147483647;
			files = (
				BED0A7C42A9521F600016BE6 /* Comic.swift in Sources */,
				F60724832A9311BC002A5FD9 /* Service.swift in Sources */,
				F6A5960A2A91278500D2972A /* ViewController.swift in Sources */,
				F6A596062A91278500D2972A /* AppDelegate.swift in Sources */,
				F6A596082A91278500D2972A /* SceneDelegate.swift in Sources */,
				BED0A7CD2A95710000016BE6 /* ComicListPresenter.swift in Sources */,
				F68C63072A913E3A00F584E6 /* HomeInteractor.swift in Sources */,
				BED0A7C02A951C8A00016BE6 /* HomeDetailSceneConfigurator.swift in Sources */,
				BED0A7BE2A951C8A00016BE6 /* HomeDetailSceneViewController.swift in Sources */,
				F68C63082A913E3A00F584E6 /* HomeCells.swift in Sources */,
				BED0A7CF2A95710000016BE6 /* ComicListModels.swift in Sources */,
				F68C63032A913E3A00F584E6 /* HomePresenter.swift in Sources */,
				BED0A7D02A95710000016BE6 /* ComicListViewController.swift in Sources */,
				F6547F862A95BF2C006DA7B4 /* ComicViewController.swift in Sources */,
				BED0A7D32A95710000016BE6 /* ComicListConfigurator.swift in Sources */,
				F671625A2A94614B008C26F9 /* HomeCollectionCells.swift in Sources */,
				BED0A7BD2A951C8A00016BE6 /* HomeDetailSceneModels.swift in Sources */,
				F68C63052A913E3A00F584E6 /* HomeModels.swift in Sources */,
				F6547F842A95BF2C006DA7B4 /* ComicRouter.swift in Sources */,
				F68C63062A913E3A00F584E6 /* HomeViewController.swift in Sources */,
				BED0A7D12A95710000016BE6 /* ComicListInteractor.swift in Sources */,
				BED0A7BC2A951C8A00016BE6 /* HomeDetailSceneRouter.swift in Sources */,
				F6547F872A95BF2C006DA7B4 /* ComicInteractor.swift in Sources */,
				F68C63042A913E3A00F584E6 /* HomeRouter.swift in Sources */,
				BED0A7D22A95710000016BE6 /* ComicListCells.swift in Sources */,
				F6547F832A95BF2C006DA7B4 /* ComicPresenter.swift in Sources */,
				BED0A7BB2A951C8A00016BE6 /* HomeDetailScenePresenter.swift in Sources */,
				BED0A7BF2A951C8A00016BE6 /* HomeDetailSceneInteractor.swift in Sources */,
				BED0A7CE2A95710000016BE6 /* ComicListRouter.swift in Sources */,
				F68C63092A913E3A00F584E6 /* HomeConfigurator.swift in Sources */,
				BED0A7AD2A93D34C00016BE6 /* Character.swift in Sources */,
				F6547F852A95BF2C006DA7B4 /* ComicModels.swift in Sources */,
				F6547F882A95BF2C006DA7B4 /* ComicConfigurator.swift in Sources */,
			);
			runOnlyForDeploymentPostprocessing = 0;
		};
/* End PBXSourcesBuildPhase section */

/* Begin PBXVariantGroup section */
		F6A596102A91278800D2972A /* LaunchScreen.storyboard */ = {
			isa = PBXVariantGroup;
			children = (
				F6A596112A91278800D2972A /* Base */,
			);
			name = LaunchScreen.storyboard;
			sourceTree = "<group>";
		};
/* End PBXVariantGroup section */

/* Begin XCBuildConfiguration section */
		F6A596142A91278800D2972A /* Debug */ = {
			isa = XCBuildConfiguration;
			buildSettings = {
				ALWAYS_SEARCH_USER_PATHS = NO;
				CLANG_ANALYZER_NONNULL = YES;
				CLANG_ANALYZER_NUMBER_OBJECT_CONVERSION = YES_AGGRESSIVE;
				CLANG_CXX_LANGUAGE_STANDARD = "gnu++20";
				CLANG_ENABLE_MODULES = YES;
				CLANG_ENABLE_OBJC_ARC = YES;
				CLANG_ENABLE_OBJC_WEAK = YES;
				CLANG_WARN_BLOCK_CAPTURE_AUTORELEASING = YES;
				CLANG_WARN_BOOL_CONVERSION = YES;
				CLANG_WARN_COMMA = YES;
				CLANG_WARN_CONSTANT_CONVERSION = YES;
				CLANG_WARN_DEPRECATED_OBJC_IMPLEMENTATIONS = YES;
				CLANG_WARN_DIRECT_OBJC_ISA_USAGE = YES_ERROR;
				CLANG_WARN_DOCUMENTATION_COMMENTS = YES;
				CLANG_WARN_EMPTY_BODY = YES;
				CLANG_WARN_ENUM_CONVERSION = YES;
				CLANG_WARN_INFINITE_RECURSION = YES;
				CLANG_WARN_INT_CONVERSION = YES;
				CLANG_WARN_NON_LITERAL_NULL_CONVERSION = YES;
				CLANG_WARN_OBJC_IMPLICIT_RETAIN_SELF = YES;
				CLANG_WARN_OBJC_LITERAL_CONVERSION = YES;
				CLANG_WARN_OBJC_ROOT_CLASS = YES_ERROR;
				CLANG_WARN_QUOTED_INCLUDE_IN_FRAMEWORK_HEADER = YES;
				CLANG_WARN_RANGE_LOOP_ANALYSIS = YES;
				CLANG_WARN_STRICT_PROTOTYPES = YES;
				CLANG_WARN_SUSPICIOUS_MOVE = YES;
				CLANG_WARN_UNGUARDED_AVAILABILITY = YES_AGGRESSIVE;
				CLANG_WARN_UNREACHABLE_CODE = YES;
				CLANG_WARN__DUPLICATE_METHOD_MATCH = YES;
				COPY_PHASE_STRIP = NO;
				DEBUG_INFORMATION_FORMAT = dwarf;
				ENABLE_STRICT_OBJC_MSGSEND = YES;
				ENABLE_TESTABILITY = YES;
				GCC_C_LANGUAGE_STANDARD = gnu11;
				GCC_DYNAMIC_NO_PIC = NO;
				GCC_NO_COMMON_BLOCKS = YES;
				GCC_OPTIMIZATION_LEVEL = 0;
				GCC_PREPROCESSOR_DEFINITIONS = (
					"DEBUG=1",
					"$(inherited)",
				);
				GCC_WARN_64_TO_32_BIT_CONVERSION = YES;
				GCC_WARN_ABOUT_RETURN_TYPE = YES_ERROR;
				GCC_WARN_UNDECLARED_SELECTOR = YES;
				GCC_WARN_UNINITIALIZED_AUTOS = YES_AGGRESSIVE;
				GCC_WARN_UNUSED_FUNCTION = YES;
				GCC_WARN_UNUSED_VARIABLE = YES;
				IPHONEOS_DEPLOYMENT_TARGET = 16.2;
				MTL_ENABLE_DEBUG_INFO = INCLUDE_SOURCE;
				MTL_FAST_MATH = YES;
				ONLY_ACTIVE_ARCH = YES;
				SDKROOT = iphoneos;
				SWIFT_ACTIVE_COMPILATION_CONDITIONS = DEBUG;
				SWIFT_OPTIMIZATION_LEVEL = "-Onone";
			};
			name = Debug;
		};
		F6A596152A91278800D2972A /* Release */ = {
			isa = XCBuildConfiguration;
			buildSettings = {
				ALWAYS_SEARCH_USER_PATHS = NO;
				CLANG_ANALYZER_NONNULL = YES;
				CLANG_ANALYZER_NUMBER_OBJECT_CONVERSION = YES_AGGRESSIVE;
				CLANG_CXX_LANGUAGE_STANDARD = "gnu++20";
				CLANG_ENABLE_MODULES = YES;
				CLANG_ENABLE_OBJC_ARC = YES;
				CLANG_ENABLE_OBJC_WEAK = YES;
				CLANG_WARN_BLOCK_CAPTURE_AUTORELEASING = YES;
				CLANG_WARN_BOOL_CONVERSION = YES;
				CLANG_WARN_COMMA = YES;
				CLANG_WARN_CONSTANT_CONVERSION = YES;
				CLANG_WARN_DEPRECATED_OBJC_IMPLEMENTATIONS = YES;
				CLANG_WARN_DIRECT_OBJC_ISA_USAGE = YES_ERROR;
				CLANG_WARN_DOCUMENTATION_COMMENTS = YES;
				CLANG_WARN_EMPTY_BODY = YES;
				CLANG_WARN_ENUM_CONVERSION = YES;
				CLANG_WARN_INFINITE_RECURSION = YES;
				CLANG_WARN_INT_CONVERSION = YES;
				CLANG_WARN_NON_LITERAL_NULL_CONVERSION = YES;
				CLANG_WARN_OBJC_IMPLICIT_RETAIN_SELF = YES;
				CLANG_WARN_OBJC_LITERAL_CONVERSION = YES;
				CLANG_WARN_OBJC_ROOT_CLASS = YES_ERROR;
				CLANG_WARN_QUOTED_INCLUDE_IN_FRAMEWORK_HEADER = YES;
				CLANG_WARN_RANGE_LOOP_ANALYSIS = YES;
				CLANG_WARN_STRICT_PROTOTYPES = YES;
				CLANG_WARN_SUSPICIOUS_MOVE = YES;
				CLANG_WARN_UNGUARDED_AVAILABILITY = YES_AGGRESSIVE;
				CLANG_WARN_UNREACHABLE_CODE = YES;
				CLANG_WARN__DUPLICATE_METHOD_MATCH = YES;
				COPY_PHASE_STRIP = NO;
				DEBUG_INFORMATION_FORMAT = "dwarf-with-dsym";
				ENABLE_NS_ASSERTIONS = NO;
				ENABLE_STRICT_OBJC_MSGSEND = YES;
				GCC_C_LANGUAGE_STANDARD = gnu11;
				GCC_NO_COMMON_BLOCKS = YES;
				GCC_WARN_64_TO_32_BIT_CONVERSION = YES;
				GCC_WARN_ABOUT_RETURN_TYPE = YES_ERROR;
				GCC_WARN_UNDECLARED_SELECTOR = YES;
				GCC_WARN_UNINITIALIZED_AUTOS = YES_AGGRESSIVE;
				GCC_WARN_UNUSED_FUNCTION = YES;
				GCC_WARN_UNUSED_VARIABLE = YES;
				IPHONEOS_DEPLOYMENT_TARGET = 16.2;
				MTL_ENABLE_DEBUG_INFO = NO;
				MTL_FAST_MATH = YES;
				SDKROOT = iphoneos;
				SWIFT_COMPILATION_MODE = wholemodule;
				SWIFT_OPTIMIZATION_LEVEL = "-O";
				VALIDATE_PRODUCT = YES;
			};
			name = Release;
		};
		F6A596172A91278800D2972A /* Debug */ = {
			isa = XCBuildConfiguration;
			buildSettings = {
				ASSETCATALOG_COMPILER_APPICON_NAME = AppIcon;
				ASSETCATALOG_COMPILER_GLOBAL_ACCENT_COLOR_NAME = AccentColor;
				CODE_SIGN_STYLE = Automatic;
				CURRENT_PROJECT_VERSION = 1;
				GENERATE_INFOPLIST_FILE = YES;
				INFOPLIST_FILE = MarvelViper/Info.plist;
				INFOPLIST_KEY_UIApplicationSupportsIndirectInputEvents = YES;
				INFOPLIST_KEY_UILaunchStoryboardName = LaunchScreen;
				INFOPLIST_KEY_UISupportedInterfaceOrientations_iPad = "UIInterfaceOrientationPortrait UIInterfaceOrientationPortraitUpsideDown UIInterfaceOrientationLandscapeLeft UIInterfaceOrientationLandscapeRight";
				INFOPLIST_KEY_UISupportedInterfaceOrientations_iPhone = "UIInterfaceOrientationPortrait UIInterfaceOrientationLandscapeLeft UIInterfaceOrientationLandscapeRight";
				LD_RUNPATH_SEARCH_PATHS = (
					"$(inherited)",
					"@executable_path/Frameworks",
				);
				MARKETING_VERSION = 1.0;
				PRODUCT_BUNDLE_IDENTIFIER = com.edjah.MarvelViper;
				PRODUCT_NAME = "$(TARGET_NAME)";
				SWIFT_EMIT_LOC_STRINGS = YES;
				SWIFT_VERSION = 5.0;
				TARGETED_DEVICE_FAMILY = "1,2";
			};
			name = Debug;
		};
		F6A596182A91278800D2972A /* Release */ = {
			isa = XCBuildConfiguration;
			buildSettings = {
				ASSETCATALOG_COMPILER_APPICON_NAME = AppIcon;
				ASSETCATALOG_COMPILER_GLOBAL_ACCENT_COLOR_NAME = AccentColor;
				CODE_SIGN_STYLE = Automatic;
				CURRENT_PROJECT_VERSION = 1;
				GENERATE_INFOPLIST_FILE = YES;
				INFOPLIST_FILE = MarvelViper/Info.plist;
				INFOPLIST_KEY_UIApplicationSupportsIndirectInputEvents = YES;
				INFOPLIST_KEY_UILaunchStoryboardName = LaunchScreen;
				INFOPLIST_KEY_UISupportedInterfaceOrientations_iPad = "UIInterfaceOrientationPortrait UIInterfaceOrientationPortraitUpsideDown UIInterfaceOrientationLandscapeLeft UIInterfaceOrientationLandscapeRight";
				INFOPLIST_KEY_UISupportedInterfaceOrientations_iPhone = "UIInterfaceOrientationPortrait UIInterfaceOrientationLandscapeLeft UIInterfaceOrientationLandscapeRight";
				LD_RUNPATH_SEARCH_PATHS = (
					"$(inherited)",
					"@executable_path/Frameworks",
				);
				MARKETING_VERSION = 1.0;
				PRODUCT_BUNDLE_IDENTIFIER = com.edjah.MarvelViper;
				PRODUCT_NAME = "$(TARGET_NAME)";
				SWIFT_EMIT_LOC_STRINGS = YES;
				SWIFT_VERSION = 5.0;
				TARGETED_DEVICE_FAMILY = "1,2";
			};
			name = Release;
		};
/* End XCBuildConfiguration section */

/* Begin XCConfigurationList section */
		F6A595FD2A91278500D2972A /* Build configuration list for PBXProject "MarvelViper" */ = {
			isa = XCConfigurationList;
			buildConfigurations = (
				F6A596142A91278800D2972A /* Debug */,
				F6A596152A91278800D2972A /* Release */,
			);
			defaultConfigurationIsVisible = 0;
			defaultConfigurationName = Release;
		};
		F6A596162A91278800D2972A /* Build configuration list for PBXNativeTarget "MarvelViper" */ = {
			isa = XCConfigurationList;
			buildConfigurations = (
				F6A596172A91278800D2972A /* Debug */,
				F6A596182A91278800D2972A /* Release */,
			);
			defaultConfigurationIsVisible = 0;
			defaultConfigurationName = Release;
		};
/* End XCConfigurationList section */

/* Begin XCRemoteSwiftPackageReference section */
		F607247C2A92EE7C002A5FD9 /* XCRemoteSwiftPackageReference "Alamofire" */ = {
			isa = XCRemoteSwiftPackageReference;
			repositoryURL = "https://github.com/Alamofire/Alamofire.git";
			requirement = {
				kind = upToNextMajorVersion;
				minimumVersion = 5.0.0;
			};
		};
		F607247F2A92F16C002A5FD9 /* XCRemoteSwiftPackageReference "SDWebImage" */ = {
			isa = XCRemoteSwiftPackageReference;
			repositoryURL = "https://github.com/SDWebImage/SDWebImage.git";
			requirement = {
				kind = upToNextMajorVersion;
				minimumVersion = 5.0.0;
			};
		};
/* End XCRemoteSwiftPackageReference section */

/* Begin XCSwiftPackageProductDependency section */
		F607247D2A92EE7C002A5FD9 /* Alamofire */ = {
			isa = XCSwiftPackageProductDependency;
			package = F607247C2A92EE7C002A5FD9 /* XCRemoteSwiftPackageReference "Alamofire" */;
			productName = Alamofire;
		};
		F60724802A92F16C002A5FD9 /* SDWebImage */ = {
			isa = XCSwiftPackageProductDependency;
			package = F607247F2A92F16C002A5FD9 /* XCRemoteSwiftPackageReference "SDWebImage" */;
			productName = SDWebImage;
		};
/* End XCSwiftPackageProductDependency section */
	};
	rootObject = F6A595FA2A91278500D2972A /* Project object */;
}
